<?xml version="1.0" encoding="utf-8"?>
<Project ToolsVersion="4.0" xmlns="http://schemas.microsoft.com/developer/msbuild/2003">
  <ItemGroup>
    <Filter Include="source">
      <UniqueIdentifier>{e0faaf5c-b286-4a9a-a870-39e035804d49}</UniqueIdentifier>
    </Filter>
    <Filter Include="include">
      <UniqueIdentifier>{3d8a5891-8b1b-4b6a-9c51-abae21c3c771}</UniqueIdentifier>
    </Filter>
    <Filter Include="include\ESQL">
      <UniqueIdentifier>{662ea553-2384-4ef8-bea6-68d3f441a06b}</UniqueIdentifier>
    </Filter>
    <Filter Include="include\ENetwork">
      <UniqueIdentifier>{b26a2614-6a34-41df-ad8a-425e19687a7d}</UniqueIdentifier>
    </Filter>
    <Filter Include="source\ENetwork">
      <UniqueIdentifier>{053a7187-36f5-4646-a0fc-4b3827b9129a}</UniqueIdentifier>
    </Filter>
    <Filter Include="source\ESQL">
      <UniqueIdentifier>{99880243-9def-44a9-9ca1-14795e2a47b9}</UniqueIdentifier>
    </Filter>
    <Filter Include="include\EGlobals">
      <UniqueIdentifier>{c047e78f-dcdc-4e17-a3a4-a21cdb616b29}</UniqueIdentifier>
    </Filter>
    <Filter Include="source\EGlobals">
      <UniqueIdentifier>{d0876b4a-701d-4638-b9ef-195c2c2b9103}</UniqueIdentifier>
    </Filter>
  </ItemGroup>
  <ItemGroup>
    <ClInclude Include="include\ESQL\ESQL.h">
      <Filter>include\ESQL</Filter>
    </ClInclude>
    <ClInclude Include="include\ESQL\ESQLField.h">
      <Filter>include\ESQL</Filter>
    </ClInclude>
    <ClInclude Include="include\ESQL\ESQLResult.h">
      <Filter>include\ESQL</Filter>
    </ClInclude>
    <ClInclude Include="include\ESQL\ESQLRow.h">
      <Filter>include\ESQL</Filter>
    </ClInclude>
    <ClInclude Include="include\ENetwork\ENetClient.h">
      <Filter>include\ENetwork</Filter>
    </ClInclude>
    <ClInclude Include="include\ENetwork\ENetPacket.h">
      <Filter>include\ENetwork</Filter>
    </ClInclude>
    <ClInclude Include="include\ENetwork\ENetPacketHandler.h">
      <Filter>include\ENetwork</Filter>
    </ClInclude>
    <ClInclude Include="include\ENetwork\ENetSelector.h">
      <Filter>include\ENetwork</Filter>
    </ClInclude>
    <ClInclude Include="include\ENetwork\ENetServer.h">
      <Filter>include\ENetwork</Filter>
    </ClInclude>
    <ClInclude Include="include\ENetwork\ENetSocket.h">
      <Filter>include\ENetwork</Filter>
    </ClInclude>
    <ClInclude Include="include\EGlobals\EError.h">
      <Filter>include\EGlobals</Filter>
    </ClInclude>
    <ClInclude Include="include\EGlobals\EGlobal.h">
      <Filter>include\EGlobals</Filter>
    </ClInclude>
    <ClInclude Include="include\EGlobals\EPrint.h">
      <Filter>include\EGlobals</Filter>
    </ClInclude>
    <ClInclude Include="include\EGlobals\EScaledTypes.h">
      <Filter>include\EGlobals</Filter>
    </ClInclude>
  </ItemGroup>
  <ItemGroup>
    <ClCompile Include="source\ESQL\ESQL.cpp">
      <Filter>source\ESQL</Filter>
    </ClCompile>
    <ClCompile Include="source\ESQL\ESQLField.cpp">
      <Filter>source\ESQL</Filter>
    </ClCompile>
    <ClCompile Include="source\ESQL\ESQLResult.cpp">
      <Filter>source\ESQL</Filter>
    </ClCompile>
    <ClCompile Include="source\ESQL\ESQLRow.cpp">
      <Filter>source\ESQL</Filter>
    </ClCompile>
    <ClCompile Include="source\EGlobals\EError.cpp">
      <Filter>source\EGlobals</Filter>
    </ClCompile>
    <ClCompile Include="source\EGlobals\EPrint.cpp">
      <Filter>source\EGlobals</Filter>
    </ClCompile>
    <ClCompile Include="source\ENetwork\ENetSocket.cpp">
      <Filter>source\ENetwork</Filter>
    </ClCompile>
    <ClCompile Include="source\ENetwork\ENetServer.cpp">
      <Filter>source\ENetwork</Filter>
    </ClCompile>
    <ClCompile Include="source\ENetwork\ENetSelector.cpp">
      <Filter>source\ENetwork</Filter>
    </ClCompile>
    <ClCompile Include="source\ENetwork\ENetPacketHandler.cpp">
      <Filter>source\ENetwork</Filter>
    </ClCompile>
    <ClCompile Include="source\ENetwork\ENetPacket.cpp">
      <Filter>source\ENetwork</Filter>
    </ClCompile>
    <ClCompile Include="source\ENetwork\ENetClient.cpp">
      <Filter>source\ENetwork</Filter>
    </ClCompile>
  </ItemGroup>
</Project>