
Microsoft Visual Studio Solution File, Format Version 12.00
# Visual Studio 15
VisualStudioVersion = 15.0.26430.14
MinimumVisualStudioVersion = 10.0.40219.1
Project("{8BC9CEB8-8B4A-11D0-8D11-00A0C91BC942}") = "ElemClient", "ElemClient\ElemClient.vcxproj", "{EBBE723B-8716-4CDE-A163-56ECBA788424}"
	ProjectSection(ProjectDependencies) = postProject
		{6EB8DD8E-A4BC-4C05-AC2E-7B5437C118DD} = {6EB8DD8E-A4BC-4C05-AC2E-7B5437C118DD}
	EndProjectSection
EndProject
Project("{8BC9CEB8-8B4A-11D0-8D11-00A0C91BC942}") = "ELib", "..\ELib\ELib\ELib.vcxproj", "{6EB8DD8E-A4BC-4C05-AC2E-7B5437C118DD}"
EndProject
Global
	GlobalSection(SolutionConfigurationPlatforms) = preSolution
		Debug|x64 = Debug|x64
		Debug|x86 = Debug|x86
		Release|x64 = Release|x64
		Release|x86 = Release|x86
	EndGlobalSection
	GlobalSection(ProjectConfigurationPlatforms) = postSolution
		{EBBE723B-8716-4CDE-A163-56ECBA788424}.Debug|x64.ActiveCfg = Debug|x64
		{EBBE723B-8716-4CDE-A163-56ECBA788424}.Debug|x64.Build.0 = Debug|x64
		{EBBE723B-8716-4CDE-A163-56ECBA788424}.Debug|x86.ActiveCfg = Debug|Win32
		{EBBE723B-8716-4CDE-A163-56ECBA788424}.Debug|x86.Build.0 = Debug|Win32
		{EBBE723B-8716-4CDE-A163-56ECBA788424}.Release|x64.ActiveCfg = Release|x64
		{EBBE723B-8716-4CDE-A163-56ECBA788424}.Release|x64.Build.0 = Release|x64
		{EBBE723B-8716-4CDE-A163-56ECBA788424}.Release|x86.ActiveCfg = Release|Win32
		{EBBE723B-8716-4CDE-A163-56ECBA788424}.Release|x86.Build.0 = Release|Win32
		{6EB8DD8E-A4BC-4C05-AC2E-7B5437C118DD}.Debug|x64.ActiveCfg = Debug|x64
		{6EB8DD8E-A4BC-4C05-AC2E-7B5437C118DD}.Debug|x64.Build.0 = Debug|x64
		{6EB8DD8E-A4BC-4C05-AC2E-7B5437C118DD}.Debug|x86.ActiveCfg = Debug|Win32
		{6EB8DD8E-A4BC-4C05-AC2E-7B5437C118DD}.Debug|x86.Build.0 = Debug|Win32
		{6EB8DD8E-A4BC-4C05-AC2E-7B5437C118DD}.Release|x64.ActiveCfg = Release|x64
		{6EB8DD8E-A4BC-4C05-AC2E-7B5437C118DD}.Release|x64.Build.0 = Release|x64
		{6EB8DD8E-A4BC-4C05-AC2E-7B5437C118DD}.Release|x86.ActiveCfg = Release|Win32
		{6EB8DD8E-A4BC-4C05-AC2E-7B5437C118DD}.Release|x86.Build.0 = Release|Win32
	EndGlobalSection
	GlobalSection(SolutionProperties) = preSolution
		HideSolutionNode = FALSE
	EndGlobalSection
EndGlobal
